// !$*UTF8*$!
{
	archiveVersion = 1;
	classes = {
	};
	objectVersion = 77;
	objects = {

/* Begin PBXContainerItemProxy section */
		B4033C712E022E9500AAF3E9 /* PBXContainerItemProxy */ = {
			isa = PBXContainerItemProxy;
			containerPortal = B4033C5B2E022E9400AAF3E9 /* Project object */;
			proxyType = 1;
			remoteGlobalIDString = B4033C622E022E9400AAF3E9;
			remoteInfo = "Health Tracker";
		};
		B4033C7B2E022E9500AAF3E9 /* PBXContainerItemProxy */ = {
			isa = PBXContainerItemProxy;
			containerPortal = B4033C5B2E022E9400AAF3E9 /* Project object */;
			proxyType = 1;
			remoteGlobalIDString = B4033C622E022E9400AAF3E9;
			remoteInfo = "Health Tracker";
		};
/* End PBXContainerItemProxy section */

/* Begin PBXFileReference section */
		B4033C632E022E9400AAF3E9 /* Health Tracker.app */ = {isa = PBXFileReference; explicitFileType = wrapper.application; includeInIndex = 0; path = "Health Tracker.app"; sourceTree = BUILT_PRODUCTS_DIR; };
		B4033C702E022E9500AAF3E9 /* Health TrackerTests.xctest */ = {isa = PBXFileReference; explicitFileType = wrapper.cfbundle; includeInIndex = 0; path = "Health TrackerTests.xctest"; sourceTree = BUILT_PRODUCTS_DIR; };
		B4033C7A2E022E9500AAF3E9 /* Health TrackerUITests.xctest */ = {isa = PBXFileReference; explicitFileType = wrapper.cfbundle; includeInIndex = 0; path = "Health TrackerUITests.xctest"; sourceTree = BUILT_PRODUCTS_DIR; };
/* End PBXFileReference section */

/* Begin PBXFileSystemSynchronizedRootGroup section */
		B4033C652E022E9400AAF3E9 /* Health Tracker */ = {
			isa = PBXFileSystemSynchronizedRootGroup;
			path = "Health Tracker";
			sourceTree = "<group>";
		};
		B4033C732E022E9500AAF3E9 /* Health TrackerTests */ = {
			isa = PBXFileSystemSynchronizedRootGroup;
			path = "Health TrackerTests";
			sourceTree = "<group>";
		};
		B4033C7D2E022E9500AAF3E9 /* Health TrackerUITests */ = {
			isa = PBXFileSystemSynchronizedRootGroup;
			path = "Health TrackerUITests";
			sourceTree = "<group>";
		};
/* End PBXFileSystemSynchronizedRootGroup section */

/* Begin PBXFrameworksBuildPhase section */
		B4033C602E022E9400AAF3E9 /* Frameworks */ = {
			isa = PBXFrameworksBuildPhase;
			buildActionMask = 2147483647;
			files = (
			);
			runOnlyForDeploymentPostprocessing = 0;
		};
		B4033C6D2E022E9500AAF3E9 /* Frameworks */ = {
			isa = PBXFrameworksBuildPhase;
			buildActionMask = 2147483647;
			files = (
			);
			runOnlyForDeploymentPostprocessing = 0;
		};
		B4033C772E022E9500AAF3E9 /* Frameworks */ = {
			isa = PBXFrameworksBuildPhase;
			buildActionMask = 2147483647;
			files = (
			);
			runOnlyForDeploymentPostprocessing = 0;
		};
/* End PBXFrameworksBuildPhase section */

/* Begin PBXGroup section */
		B4033C5A2E022E9400AAF3E9 = {
			isa = PBXGroup;
			children = (
				B4033C652E022E9400AAF3E9 /* Health Tracker */,
				B4033C732E022E9500AAF3E9 /* Health TrackerTests */,
				B4033C7D2E022E9500AAF3E9 /* Health TrackerUITests */,
				B4033C642E022E9400AAF3E9 /* Products */,
			);
			sourceTree = "<group>";
		};
		B4033C642E022E9400AAF3E9 /* Products */ = {
			isa = PBXGroup;
			children = (
				B4033C632E022E9400AAF3E9 /* Health Tracker.app */,
				B4033C702E022E9500AAF3E9 /* Health TrackerTests.xctest */,
				B4033C7A2E022E9500AAF3E9 /* Health TrackerUITests.xctest */,
			);
			name = Products;
			sourceTree = "<group>";
		};
/* End PBXGroup section */

/* Begin PBXNativeTarget section */
		B4033C622E022E9400AAF3E9 /* Health Tracker */ = {
			isa = PBXNativeTarget;
			buildConfigurationList = B4033C842E022E9600AAF3E9 /* Build configuration list for PBXNativeTarget "Health Tracker" */;
			buildPhases = (
				B4033C5F2E022E9400AAF3E9 /* Sources */,
				B4033C602E022E9400AAF3E9 /* Frameworks */,
				B4033C612E022E9400AAF3E9 /* Resources */,
			);
			buildRules = (
			);
			dependencies = (
			);
			fileSystemSynchronizedGroups = (
				B4033C652E022E9400AAF3E9 /* Health Tracker */,
			);
			name = "Health Tracker";
			packageProductDependencies = (
			);
			productName = "Health Tracker";
			productReference = B4033C632E022E9400AAF3E9 /* Health Tracker.app */;
			productType = "com.apple.product-type.application";
		};
		B4033C6F2E022E9500AAF3E9 /* Health TrackerTests */ = {
			isa = PBXNativeTarget;
			buildConfigurationList = B4033C872E022E9600AAF3E9 /* Build configuration list for PBXNativeTarget "Health TrackerTests" */;
			buildPhases = (
				B4033C6C2E022E9500AAF3E9 /* Sources */,
				B4033C6D2E022E9500AAF3E9 /* Frameworks */,
				B4033C6E2E022E9500AAF3E9 /* Resources */,
			);
			buildRules = (
			);
			dependencies = (
				B4033C722E022E9500AAF3E9 /* PBXTargetDependency */,
			);
			fileSystemSynchronizedGroups = (
				B4033C732E022E9500AAF3E9 /* Health TrackerTests */,
			);
			name = "Health TrackerTests";
			packageProductDependencies = (
			);
			productName = "Health TrackerTests";
			productReference = B4033C702E022E9500AAF3E9 /* Health TrackerTests.xctest */;
			productType = "com.apple.product-type.bundle.unit-test";
		};
		B4033C792E022E9500AAF3E9 /* Health TrackerUITests */ = {
			isa = PBXNativeTarget;
			buildConfigurationList = B4033C8A2E022E9600AAF3E9 /* Build configuration list for PBXNativeTarget "Health TrackerUITests" */;
			buildPhases = (
				B4033C762E022E9500AAF3E9 /* Sources */,
				B4033C772E022E9500AAF3E9 /* Frameworks */,
				B4033C782E022E9500AAF3E9 /* Resources */,
			);
			buildRules = (
			);
			dependencies = (
				B4033C7C2E022E9500AAF3E9 /* PBXTargetDependency */,
			);
			fileSystemSynchronizedGroups = (
				B4033C7D2E022E9500AAF3E9 /* Health TrackerUITests */,
			);
			name = "Health TrackerUITests";
			packageProductDependencies = (
			);
			productName = "Health TrackerUITests";
			productReference = B4033C7A2E022E9500AAF3E9 /* Health TrackerUITests.xctest */;
			productType = "com.apple.product-type.bundle.ui-testing";
		};
/* End PBXNativeTarget section */

/* Begin PBXProject section */
		B4033C5B2E022E9400AAF3E9 /* Project object */ = {
			isa = PBXProject;
			attributes = {
				BuildIndependentTargetsInParallel = 1;
				LastSwiftUpdateCheck = 1640;
				LastUpgradeCheck = 1640;
				TargetAttributes = {
					B4033C622E022E9400AAF3E9 = {
						CreatedOnToolsVersion = 16.4;
					};
					B4033C6F2E022E9500AAF3E9 = {
						CreatedOnToolsVersion = 16.4;
						TestTargetID = B4033C622E022E9400AAF3E9;
					};
					B4033C792E022E9500AAF3E9 = {
						CreatedOnToolsVersion = 16.4;
						TestTargetID = B4033C622E022E9400AAF3E9;
					};
				};
			};
			buildConfigurationList = B4033C5E2E022E9400AAF3E9 /* Build configuration list for PBXProject "Health Tracker" */;
			developmentRegion = en;
			hasScannedForEncodings = 0;
			knownRegions = (
				en,
				Base,
			);
			mainGroup = B4033C5A2E022E9400AAF3E9;
			minimizedProjectReferenceProxies = 1;
			preferredProjectObjectVersion = 77;
			productRefGroup = B4033C642E022E9400AAF3E9 /* Products */;
			projectDirPath = "";
			projectRoot = "";
			targets = (
				B4033C622E022E9400AAF3E9 /* Health Tracker */,
				B4033C6F2E022E9500AAF3E9 /* Health TrackerTests */,
				B4033C792E022E9500AAF3E9 /* Health TrackerUITests */,
			);
		};
/* End PBXProject section */

/* Begin PBXResourcesBuildPhase section */
		B4033C612E022E9400AAF3E9 /* Resources */ = {
			isa = PBXResourcesBuildPhase;
			buildActionMask = 2147483647;
			files = (
			);
			runOnlyForDeploymentPostprocessing = 0;
		};
		B4033C6E2E022E9500AAF3E9 /* Resources */ = {
			isa = PBXResourcesBuildPhase;
			buildActionMask = 2147483647;
			files = (
			);
			runOnlyForDeploymentPostprocessing = 0;
		};
		B4033C782E022E9500AAF3E9 /* Resources */ = {
			isa = PBXResourcesBuildPhase;
			buildActionMask = 2147483647;
			files = (
			);
			runOnlyForDeploymentPostprocessing = 0;
		};
/* End PBXResourcesBuildPhase section */

/* Begin PBXSourcesBuildPhase section */
		B4033C5F2E022E9400AAF3E9 /* Sources */ = {
			isa = PBXSourcesBuildPhase;
			buildActionMask = 2147483647;
			files = (
			);
			runOnlyForDeploymentPostprocessing = 0;
		};
		B4033C6C2E022E9500AAF3E9 /* Sources */ = {
			isa = PBXSourcesBuildPhase;
			buildActionMask = 2147483647;
			files = (
			);
			runOnlyForDeploymentPostprocessing = 0;
		};
		B4033C762E022E9500AAF3E9 /* Sources */ = {
			isa = PBXSourcesBuildPhase;
			buildActionMask = 2147483647;
			files = (
			);
			runOnlyForDeploymentPostprocessing = 0;
		};
/* End PBXSourcesBuildPhase section */

/* Begin PBXTargetDependency section */
		B4033C722E022E9500AAF3E9 /* PBXTargetDependency */ = {
			isa = PBXTargetDependency;
			target = B4033C622E022E9400AAF3E9 /* Health Tracker */;
			targetProxy = B4033C712E022E9500AAF3E9 /* PBXContainerItemProxy */;
		};
		B4033C7C2E022E9500AAF3E9 /* PBXTargetDependency */ = {
			isa = PBXTargetDependency;
			target = B4033C622E022E9400AAF3E9 /* Health Tracker */;
			targetProxy = B4033C7B2E022E9500AAF3E9 /* PBXContainerItemProxy */;
		};
/* End PBXTargetDependency section */

/* Begin XCBuildConfiguration section */
		B4033C822E022E9600AAF3E9 /* Debug */ = {
			isa = XCBuildConfiguration;
			buildSettings = {
				ALWAYS_SEARCH_USER_PATHS = NO;
				ASSETCATALOG_COMPILER_GENERATE_SWIFT_ASSET_SYMBOL_EXTENSIONS = YES;
				CLANG_ANALYZER_NONNULL = YES;
				CLANG_ANALYZER_NUMBER_OBJECT_CONVERSION = YES_AGGRESSIVE;
				CLANG_CXX_LANGUAGE_STANDARD = "gnu++20";
				CLANG_ENABLE_MODULES = YES;
				CLANG_ENABLE_OBJC_ARC = YES;
				CLANG_ENABLE_OBJC_WEAK = YES;
				CLANG_WARN_BLOCK_CAPTURE_AUTORELEASING = YES;
				CLANG_WARN_BOOL_CONVERSION = YES;
				CLANG_WARN_COMMA = YES;
				CLANG_WARN_CONSTANT_CONVERSION = YES;
				CLANG_WARN_DEPRECATED_OBJC_IMPLEMENTATIONS = YES;
				CLANG_WARN_DIRECT_OBJC_ISA_USAGE = YES_ERROR;
				CLANG_WARN_DOCUMENTATION_COMMENTS = YES;
				CLANG_WARN_EMPTY_BODY = YES;
				CLANG_WARN_ENUM_CONVERSION = YES;
				CLANG_WARN_INFINITE_RECURSION = YES;
				CLANG_WARN_INT_CONVERSION = YES;
				CLANG_WARN_NON_LITERAL_NULL_CONVERSION = YES;
				CLANG_WARN_OBJC_IMPLICIT_RETAIN_SELF = YES;
				CLANG_WARN_OBJC_LITERAL_CONVERSION = YES;
				CLANG_WARN_OBJC_ROOT_CLASS = YES_ERROR;
				CLANG_WARN_QUOTED_INCLUDE_IN_FRAMEWORK_HEADER = YES;
				CLANG_WARN_RANGE_LOOP_ANALYSIS = YES;
				CLANG_WARN_STRICT_PROTOTYPES = YES;
				CLANG_WARN_SUSPICIOUS_MOVE = YES;
				CLANG_WARN_UNGUARDED_AVAILABILITY = YES_AGGRESSIVE;
				CLANG_WARN_UNREACHABLE_CODE = YES;
				CLANG_WARN__DUPLICATE_METHOD_MATCH = YES;
				COPY_PHASE_STRIP = NO;
				DEBUG_INFORMATION_FORMAT = dwarf;
				ENABLE_STRICT_OBJC_MSGSEND = YES;
				ENABLE_TESTABILITY = YES;
				ENABLE_USER_SCRIPT_SANDBOXING = YES;
				GCC_C_LANGUAGE_STANDARD = gnu17;
				GCC_DYNAMIC_NO_PIC = NO;
				GCC_NO_COMMON_BLOCKS = YES;
				GCC_OPTIMIZATION_LEVEL = 0;
				GCC_PREPROCESSOR_DEFINITIONS = (
					"DEBUG=1",
					"$(inherited)",
				);
				GCC_WARN_64_TO_32_BIT_CONVERSION = YES;
				GCC_WARN_ABOUT_RETURN_TYPE = YES_ERROR;
				GCC_WARN_UNDECLARED_SELECTOR = YES;
				GCC_WARN_UNINITIALIZED_AUTOS = YES_AGGRESSIVE;
				GCC_WARN_UNUSED_FUNCTION = YES;
				GCC_WARN_UNUSED_VARIABLE = YES;
				IPHONEOS_DEPLOYMENT_TARGET = 18.5;
				LOCALIZATION_PREFERS_STRING_CATALOGS = YES;
				MTL_ENABLE_DEBUG_INFO = INCLUDE_SOURCE;
				MTL_FAST_MATH = YES;
				ONLY_ACTIVE_ARCH = YES;
				SDKROOT = iphoneos;
				SWIFT_ACTIVE_COMPILATION_CONDITIONS = "DEBUG $(inherited)";
				SWIFT_OPTIMIZATION_LEVEL = "-Onone";
			};
			name = Debug;
		};
		B4033C832E022E9600AAF3E9 /* Release */ = {
			isa = XCBuildConfiguration;
			buildSettings = {
				ALWAYS_SEARCH_USER_PATHS = NO;
				ASSETCATALOG_COMPILER_GENERATE_SWIFT_ASSET_SYMBOL_EXTENSIONS = YES;
				CLANG_ANALYZER_NONNULL = YES;
				CLANG_ANALYZER_NUMBER_OBJECT_CONVERSION = YES_AGGRESSIVE;
				CLANG_CXX_LANGUAGE_STANDARD = "gnu++20";
				CLANG_ENABLE_MODULES = YES;
				CLANG_ENABLE_OBJC_ARC = YES;
				CLANG_ENABLE_OBJC_WEAK = YES;
				CLANG_WARN_BLOCK_CAPTURE_AUTORELEASING = YES;
				CLANG_WARN_BOOL_CONVERSION = YES;
				CLANG_WARN_COMMA = YES;
				CLANG_WARN_CONSTANT_CONVERSION = YES;
				CLANG_WARN_DEPRECATED_OBJC_IMPLEMENTATIONS = YES;
				CLANG_WARN_DIRECT_OBJC_ISA_USAGE = YES_ERROR;
				CLANG_WARN_DOCUMENTATION_COMMENTS = YES;
				CLANG_WARN_EMPTY_BODY = YES;
				CLANG_WARN_ENUM_CONVERSION = YES;
				CLANG_WARN_INFINITE_RECURSION = YES;
				CLANG_WARN_INT_CONVERSION = YES;
				CLANG_WARN_NON_LITERAL_NULL_CONVERSION = YES;
				CLANG_WARN_OBJC_IMPLICIT_RETAIN_SELF = YES;
				CLANG_WARN_OBJC_LITERAL_CONVERSION = YES;
				CLANG_WARN_OBJC_ROOT_CLASS = YES_ERROR;
				CLANG_WARN_QUOTED_INCLUDE_IN_FRAMEWORK_HEADER = YES;
				CLANG_WARN_RANGE_LOOP_ANALYSIS = YES;
				CLANG_WARN_STRICT_PROTOTYPES = YES;
				CLANG_WARN_SUSPICIOUS_MOVE = YES;
				CLANG_WARN_UNGUARDED_AVAILABILITY = YES_AGGRESSIVE;
				CLANG_WARN_UNREACHABLE_CODE = YES;
				CLANG_WARN__DUPLICATE_METHOD_MATCH = YES;
				COPY_PHASE_STRIP = NO;
				DEBUG_INFORMATION_FORMAT = "dwarf-with-dsym";
				ENABLE_NS_ASSERTIONS = NO;
				ENABLE_STRICT_OBJC_MSGSEND = YES;
				ENABLE_USER_SCRIPT_SANDBOXING = YES;
				GCC_C_LANGUAGE_STANDARD = gnu17;
				GCC_NO_COMMON_BLOCKS = YES;
				GCC_WARN_64_TO_32_BIT_CONVERSION = YES;
				GCC_WARN_ABOUT_RETURN_TYPE = YES_ERROR;
				GCC_WARN_UNDECLARED_SELECTOR = YES;
				GCC_WARN_UNINITIALIZED_AUTOS = YES_AGGRESSIVE;
				GCC_WARN_UNUSED_FUNCTION = YES;
				GCC_WARN_UNUSED_VARIABLE = YES;
				IPHONEOS_DEPLOYMENT_TARGET = 18.5;
				LOCALIZATION_PREFERS_STRING_CATALOGS = YES;
				MTL_ENABLE_DEBUG_INFO = NO;
				MTL_FAST_MATH = YES;
				SDKROOT = iphoneos;
				SWIFT_COMPILATION_MODE = wholemodule;
				VALIDATE_PRODUCT = YES;
			};
			name = Release;
		};
		B4033C852E022E9600AAF3E9 /* Debug */ = {
			isa = XCBuildConfiguration;
			buildSettings = {
				ASSETCATALOG_COMPILER_APPICON_NAME = AppIcon;
				ASSETCATALOG_COMPILER_GLOBAL_ACCENT_COLOR_NAME = AccentColor;
				CODE_SIGN_ENTITLEMENTS = "Health Tracker/Health Tracker.entitlements";
				CODE_SIGN_STYLE = Automatic;
				CURRENT_PROJECT_VERSION = 1;
				DEVELOPMENT_TEAM = 46Q2G4XNBY;
				ENABLE_PREVIEWS = YES;
				GENERATE_INFOPLIST_FILE = YES;
				INFOPLIST_KEY_NSHealthShareUsageDescription = "Health Tracker uses your sleep and activity data to build your daily recap.";
				INFOPLIST_KEY_NSHealthUpdateUsageDescription = "Health Tracker writes data to Health only when you choose to save or export it.";
				INFOPLIST_KEY_UIApplicationSceneManifest_Generation = YES;
				INFOPLIST_KEY_UIApplicationSupportsIndirectInputEvents = YES;
				INFOPLIST_KEY_UILaunchScreen_Generation = YES;
				INFOPLIST_KEY_UISupportedInterfaceOrientations_iPad = "UIInterfaceOrientationPortrait UIInterfaceOrientationPortraitUpsideDown UIInterfaceOrientationLandscapeLeft UIInterfaceOrientationLandscapeRight";
				INFOPLIST_KEY_UISupportedInterfaceOrientations_iPhone = "UIInterfaceOrientationPortrait UIInterfaceOrientationLandscapeLeft UIInterfaceOrientationLandscapeRight";
				LD_RUNPATH_SEARCH_PATHS = (
					"$(inherited)",
					"@executable_path/Frameworks",
				);
				MARKETING_VERSION = 1.0;
				PRODUCT_BUNDLE_IDENTIFIER = "rohansingh.Health-Tracker";
				PRODUCT_NAME = "$(TARGET_NAME)";
				SWIFT_EMIT_LOC_STRINGS = YES;
				SWIFT_VERSION = 5.0;
				TARGETED_DEVICE_FAMILY = "1,2";
			};
			name = Debug;
		};
		B4033C862E022E9600AAF3E9 /* Release */ = {
			isa = XCBuildConfiguration;
			buildSettings = {
				ASSETCATALOG_COMPILER_APPICON_NAME = AppIcon;
				ASSETCATALOG_COMPILER_GLOBAL_ACCENT_COLOR_NAME = AccentColor;
				CODE_SIGN_ENTITLEMENTS = "Health Tracker/Health Tracker.entitlements";
				CODE_SIGN_STYLE = Automatic;
				CURRENT_PROJECT_VERSION = 1;
				DEVELOPMENT_TEAM = 46Q2G4XNBY;
				ENABLE_PREVIEWS = YES;
				GENERATE_INFOPLIST_FILE = YES;
				INFOPLIST_KEY_NSHealthShareUsageDescription = "Health Tracker uses your sleep and activity data to build your daily recap.";
				INFOPLIST_KEY_NSHealthUpdateUsageDescription = "Health Tracker writes data to Health only when you choose to save or export it.";
				INFOPLIST_KEY_UIApplicationSceneManifest_Generation = YES;
				INFOPLIST_KEY_UIApplicationSupportsIndirectInputEvents = YES;
				INFOPLIST_KEY_UILaunchScreen_Generation = YES;
				INFOPLIST_KEY_UISupportedInterfaceOrientations_iPad = "UIInterfaceOrientationPortrait UIInterfaceOrientationPortraitUpsideDown UIInterfaceOrientationLandscapeLeft UIInterfaceOrientationLandscapeRight";
				INFOPLIST_KEY_UISupportedInterfaceOrientations_iPhone = "UIInterfaceOrientationPortrait UIInterfaceOrientationLandscapeLeft UIInterfaceOrientationLandscapeRight";
				LD_RUNPATH_SEARCH_PATHS = (
					"$(inherited)",
					"@executable_path/Frameworks",
				);
				MARKETING_VERSION = 1.0;
				PRODUCT_BUNDLE_IDENTIFIER = "rohansingh.Health-Tracker";
				PRODUCT_NAME = "$(TARGET_NAME)";
				SWIFT_EMIT_LOC_STRINGS = YES;
				SWIFT_VERSION = 5.0;
				TARGETED_DEVICE_FAMILY = "1,2";
			};
			name = Release;
		};
		B4033C882E022E9600AAF3E9 /* Debug */ = {
			isa = XCBuildConfiguration;
			buildSettings = {
				BUNDLE_LOADER = "$(TEST_HOST)";
				CODE_SIGN_STYLE = Automatic;
				CURRENT_PROJECT_VERSION = 1;
				GENERATE_INFOPLIST_FILE = YES;
				IPHONEOS_DEPLOYMENT_TARGET = 18.5;
				MARKETING_VERSION = 1.0;
				PRODUCT_BUNDLE_IDENTIFIER = "rohansingh.Health-TrackerTests";
				PRODUCT_NAME = "$(TARGET_NAME)";
				SWIFT_EMIT_LOC_STRINGS = NO;
				SWIFT_VERSION = 5.0;
				TARGETED_DEVICE_FAMILY = "1,2";
				TEST_HOST = "$(BUILT_PRODUCTS_DIR)/Health Tracker.app/$(BUNDLE_EXECUTABLE_FOLDER_PATH)/Health Tracker";
			};
			name = Debug;
		};
		B4033C892E022E9600AAF3E9 /* Release */ = {
			isa = XCBuildConfiguration;
			buildSettings = {
				BUNDLE_LOADER = "$(TEST_HOST)";
				CODE_SIGN_STYLE = Automatic;
				CURRENT_PROJECT_VERSION = 1;
				GENERATE_INFOPLIST_FILE = YES;
				IPHONEOS_DEPLOYMENT_TARGET = 18.5;
				MARKETING_VERSION = 1.0;
				PRODUCT_BUNDLE_IDENTIFIER = "rohansingh.Health-TrackerTests";
				PRODUCT_NAME = "$(TARGET_NAME)";
				SWIFT_EMIT_LOC_STRINGS = NO;
				SWIFT_VERSION = 5.0;
				TARGETED_DEVICE_FAMILY = "1,2";
				TEST_HOST = "$(BUILT_PRODUCTS_DIR)/Health Tracker.app/$(BUNDLE_EXECUTABLE_FOLDER_PATH)/Health Tracker";
			};
			name = Release;
		};
		B4033C8B2E022E9600AAF3E9 /* Debug */ = {
			isa = XCBuildConfiguration;
			buildSettings = {
				CODE_SIGN_STYLE = Automatic;
				CURRENT_PROJECT_VERSION = 1;
				GENERATE_INFOPLIST_FILE = YES;
				MARKETING_VERSION = 1.0;
				PRODUCT_BUNDLE_IDENTIFIER = "rohansingh.Health-TrackerUITests";
				PRODUCT_NAME = "$(TARGET_NAME)";
				SWIFT_EMIT_LOC_STRINGS = NO;
				SWIFT_VERSION = 5.0;
				TARGETED_DEVICE_FAMILY = "1,2";
				TEST_TARGET_NAME = "Health Tracker";
			};
			name = Debug;
		};
		B4033C8C2E022E9600AAF3E9 /* Release */ = {
			isa = XCBuildConfiguration;
			buildSettings = {
				CODE_SIGN_STYLE = Automatic;
				CURRENT_PROJECT_VERSION = 1;
				GENERATE_INFOPLIST_FILE = YES;
				MARKETING_VERSION = 1.0;
				PRODUCT_BUNDLE_IDENTIFIER = "rohansingh.Health-TrackerUITests";
				PRODUCT_NAME = "$(TARGET_NAME)";
				SWIFT_EMIT_LOC_STRINGS = NO;
				SWIFT_VERSION = 5.0;
				TARGETED_DEVICE_FAMILY = "1,2";
				TEST_TARGET_NAME = "Health Tracker";
			};
			name = Release;
		};
/* End XCBuildConfiguration section */

/* Begin XCConfigurationList section */
		B4033C5E2E022E9400AAF3E9 /* Build configuration list for PBXProject "Health Tracker" */ = {
			isa = XCConfigurationList;
			buildConfigurations = (
				B4033C822E022E9600AAF3E9 /* Debug */,
				B4033C832E022E9600AAF3E9 /* Release */,
			);
			defaultConfigurationIsVisible = 0;
			defaultConfigurationName = Release;
		};
		B4033C842E022E9600AAF3E9 /* Build configuration list for PBXNativeTarget "Health Tracker" */ = {
			isa = XCConfigurationList;
			buildConfigurations = (
				B4033C852E022E9600AAF3E9 /* Debug */,
				B4033C862E022E9600AAF3E9 /* Release */,
			);
			defaultConfigurationIsVisible = 0;
			defaultConfigurationName = Release;
		};
		B4033C872E022E9600AAF3E9 /* Build configuration list for PBXNativeTarget "Health TrackerTests" */ = {
			isa = XCConfigurationList;
			buildConfigurations = (
				B4033C882E022E9600AAF3E9 /* Debug */,
				B4033C892E022E9600AAF3E9 /* Release */,
			);
			defaultConfigurationIsVisible = 0;
			defaultConfigurationName = Release;
		};
		B4033C8A2E022E9600AAF3E9 /* Build configuration list for PBXNativeTarget "Health TrackerUITests" */ = {
			isa = XCConfigurationList;
			buildConfigurations = (
				B4033C8B2E022E9600AAF3E9 /* Debug */,
				B4033C8C2E022E9600AAF3E9 /* Release */,
			);
			defaultConfigurationIsVisible = 0;
			defaultConfigurationName = Release;
		};
/* End XCConfigurationList section */
	};
	rootObject = B4033C5B2E022E9400AAF3E9 /* Project object */;
}
